
Microsoft Visual Studio Solution File, Format Version 12.00
# Visual Studio 15
VisualStudioVersion = 15.0.26124.0
MinimumVisualStudioVersion = 15.0.26124.0
Project("{FAE04EC0-301F-11D3-BF4B-00C04F79EFBC}") = "MXLib2019Core", "MXLib2019Core\MXLib2019Core.csproj", "{4E469383-E786-486A-A280-6CEAD11858A4}"
EndProject
Project("{FAE04EC0-301F-11D3-BF4B-00C04F79EFBC}") = "MXLib2019CoreTest", "MXLib2019CoreTest\MXLib2019CoreTest.csproj", "{B36613D2-104A-455B-B814-82770BB4C8FB}"
EndProject
Global
	GlobalSection(SolutionConfigurationPlatforms) = preSolution
		Debug|Any CPU = Debug|Any CPU
		Debug|x64 = Debug|x64
		Debug|x86 = Debug|x86
		Release|Any CPU = Release|Any CPU
		Release|x64 = Release|x64
		Release|x86 = Release|x86
	EndGlobalSection
	GlobalSection(SolutionProperties) = preSolution
		HideSolutionNode = FALSE
	EndGlobalSection
	GlobalSection(ProjectConfigurationPlatforms) = postSolution
		{4E469383-E786-486A-A280-6CEAD11858A4}.Debug|Any CPU.ActiveCfg = Debug|Any CPU
		{4E469383-E786-486A-A280-6CEAD11858A4}.Debug|Any CPU.Build.0 = Debug|Any CPU
		{4E469383-E786-486A-A280-6CEAD11858A4}.Debug|x64.ActiveCfg = Debug|Any CPU
		{4E469383-E786-486A-A280-6CEAD11858A4}.Debug|x64.Build.0 = Debug|Any CPU
		{4E469383-E786-486A-A280-6CEAD11858A4}.Debug|x86.ActiveCfg = Debug|Any CPU
		{4E469383-E786-486A-A280-6CEAD11858A4}.Debug|x86.Build.0 = Debug|Any CPU
		{4E469383-E786-486A-A280-6CEAD11858A4}.Release|Any CPU.ActiveCfg = Release|Any CPU
		{4E469383-E786-486A-A280-6CEAD11858A4}.Release|Any CPU.Build.0 = Release|Any CPU
		{4E469383-E786-486A-A280-6CEAD11858A4}.Release|x64.ActiveCfg = Release|Any CPU
		{4E469383-E786-486A-A280-6CEAD11858A4}.Release|x64.Build.0 = Release|Any CPU
		{4E469383-E786-486A-A280-6CEAD11858A4}.Release|x86.ActiveCfg = Release|Any CPU
		{4E469383-E786-486A-A280-6CEAD11858A4}.Release|x86.Build.0 = Release|Any CPU
		{B36613D2-104A-455B-B814-82770BB4C8FB}.Debug|Any CPU.ActiveCfg = Debug|Any CPU
		{B36613D2-104A-455B-B814-82770BB4C8FB}.Debug|Any CPU.Build.0 = Debug|Any CPU
		{B36613D2-104A-455B-B814-82770BB4C8FB}.Debug|x64.ActiveCfg = Debug|Any CPU
		{B36613D2-104A-455B-B814-82770BB4C8FB}.Debug|x64.Build.0 = Debug|Any CPU
		{B36613D2-104A-455B-B814-82770BB4C8FB}.Debug|x86.ActiveCfg = Debug|Any CPU
		{B36613D2-104A-455B-B814-82770BB4C8FB}.Debug|x86.Build.0 = Debug|Any CPU
		{B36613D2-104A-455B-B814-82770BB4C8FB}.Release|Any CPU.ActiveCfg = Release|Any CPU
		{B36613D2-104A-455B-B814-82770BB4C8FB}.Release|Any CPU.Build.0 = Release|Any CPU
		{B36613D2-104A-455B-B814-82770BB4C8FB}.Release|x64.ActiveCfg = Release|Any CPU
		{B36613D2-104A-455B-B814-82770BB4C8FB}.Release|x64.Build.0 = Release|Any CPU
		{B36613D2-104A-455B-B814-82770BB4C8FB}.Release|x86.ActiveCfg = Release|Any CPU
		{B36613D2-104A-455B-B814-82770BB4C8FB}.Release|x86.Build.0 = Release|Any CPU
	EndGlobalSection
EndGlobal
